
Microsoft Visual Studio Solution File, Format Version 12.00
# Visual Studio Version 16
VisualStudioVersion = 16.0.29519.87
MinimumVisualStudioVersion = 10.0.40219.1
Project("{9A19103F-16F7-4668-BE54-9A1E7A4F7556}") = "ZPlayer", "ZPlayer\ZPlayer.csproj", "{A9C5183F-3E98-418F-BF0F-2DE7FCCEFCEC}"
EndProject
Project("{9A19103F-16F7-4668-BE54-9A1E7A4F7556}") = "ZPlayerStreamHost", "ZPlayerStreamHost\ZPlayerStreamHost.csproj", "{889CA197-8B1B-4CBA-8D0A-BDE381BB7CCF}"
EndProject
Project("{FAE04EC0-301F-11D3-BF4B-00C04F79EFBC}") = "WindowsFormsApp1", "WindowsFormsApp1\WindowsFormsApp1.csproj", "{D931AEF0-33B8-4EC2-9F0B-B151084E6A7A}"
EndProject
Global
	GlobalSection(SolutionConfigurationPlatforms) = preSolution
		Debug|Any CPU = Debug|Any CPU
		Debug|x64 = Debug|x64
		Release|Any CPU = Release|Any CPU
		Release|x64 = Release|x64
	EndGlobalSection
	GlobalSection(ProjectConfigurationPlatforms) = postSolution
		{A9C5183F-3E98-418F-BF0F-2DE7FCCEFCEC}.Debug|Any CPU.ActiveCfg = Debug|Any CPU
		{A9C5183F-3E98-418F-BF0F-2DE7FCCEFCEC}.Debug|Any CPU.Build.0 = Debug|Any CPU
		{A9C5183F-3E98-418F-BF0F-2DE7FCCEFCEC}.Debug|x64.ActiveCfg = Debug|x64
		{A9C5183F-3E98-418F-BF0F-2DE7FCCEFCEC}.Debug|x64.Build.0 = Debug|x64
		{A9C5183F-3E98-418F-BF0F-2DE7FCCEFCEC}.Release|Any CPU.ActiveCfg = Release|Any CPU
		{A9C5183F-3E98-418F-BF0F-2DE7FCCEFCEC}.Release|Any CPU.Build.0 = Release|Any CPU
		{A9C5183F-3E98-418F-BF0F-2DE7FCCEFCEC}.Release|x64.ActiveCfg = Release|x64
		{A9C5183F-3E98-418F-BF0F-2DE7FCCEFCEC}.Release|x64.Build.0 = Release|x64
		{889CA197-8B1B-4CBA-8D0A-BDE381BB7CCF}.Debug|Any CPU.ActiveCfg = Debug|Any CPU
		{889CA197-8B1B-4CBA-8D0A-BDE381BB7CCF}.Debug|Any CPU.Build.0 = Debug|Any CPU
		{889CA197-8B1B-4CBA-8D0A-BDE381BB7CCF}.Debug|x64.ActiveCfg = Debug|x64
		{889CA197-8B1B-4CBA-8D0A-BDE381BB7CCF}.Debug|x64.Build.0 = Debug|x64
		{889CA197-8B1B-4CBA-8D0A-BDE381BB7CCF}.Release|Any CPU.ActiveCfg = Release|Any CPU
		{889CA197-8B1B-4CBA-8D0A-BDE381BB7CCF}.Release|Any CPU.Build.0 = Release|Any CPU
		{889CA197-8B1B-4CBA-8D0A-BDE381BB7CCF}.Release|x64.ActiveCfg = Release|x64
		{889CA197-8B1B-4CBA-8D0A-BDE381BB7CCF}.Release|x64.Build.0 = Release|x64
		{D931AEF0-33B8-4EC2-9F0B-B151084E6A7A}.Debug|Any CPU.ActiveCfg = Debug|Any CPU
		{D931AEF0-33B8-4EC2-9F0B-B151084E6A7A}.Debug|Any CPU.Build.0 = Debug|Any CPU
		{D931AEF0-33B8-4EC2-9F0B-B151084E6A7A}.Debug|x64.ActiveCfg = Debug|x64
		{D931AEF0-33B8-4EC2-9F0B-B151084E6A7A}.Debug|x64.Build.0 = Debug|x64
		{D931AEF0-33B8-4EC2-9F0B-B151084E6A7A}.Release|Any CPU.ActiveCfg = Release|Any CPU
		{D931AEF0-33B8-4EC2-9F0B-B151084E6A7A}.Release|Any CPU.Build.0 = Release|Any CPU
		{D931AEF0-33B8-4EC2-9F0B-B151084E6A7A}.Release|x64.ActiveCfg = Release|x64
		{D931AEF0-33B8-4EC2-9F0B-B151084E6A7A}.Release|x64.Build.0 = Release|x64
	EndGlobalSection
	GlobalSection(SolutionProperties) = preSolution
		HideSolutionNode = FALSE
	EndGlobalSection
	GlobalSection(ExtensibilityGlobals) = postSolution
		SolutionGuid = {CFCD69BD-C806-4AEE-964A-F23746051708}
	EndGlobalSection
EndGlobal
